<?xml version="1.0" encoding="utf-8"?>
<Project ToolsVersion="4.0" xmlns="http://schemas.microsoft.com/developer/msbuild/2003">
  <ItemGroup>
    <Filter Include="Source Files">
      <UniqueIdentifier>{4FC737F1-C7A5-4376-A066-2A32D752A2FF}</UniqueIdentifier>
      <Extensions>cpp;c;cc;cxx;def;odl;idl;hpj;bat;asm;asmx</Extensions>
    </Filter>
    <Filter Include="Header Files">
      <UniqueIdentifier>{93995380-89BD-4b04-88EB-625FBE52EBFB}</UniqueIdentifier>
      <Extensions>h;hpp;hxx;hm;inl;inc;xsd</Extensions>
    </Filter>
    <Filter Include="Resource Files">
      <UniqueIdentifier>{67DA6AB6-F800-4c08-8B7A-83BB121AAD01}</UniqueIdentifier>
      <Extensions>rc;ico;cur;bmp;dlg;rc2;rct;bin;rgs;gif;jpg;jpeg;jpe;resx;tiff;tif;png;wav;mfcribbon-ms</Extensions>
    </Filter>
    <Filter Include="App_Data">
      <UniqueIdentifier>{e39047b1-f262-4cfd-bfd1-21f3b3317daf}</UniqueIdentifier>
    </Filter>
  </ItemGroup>
  <ItemGroup>
    <None Include="ReadMe.txt" />
    <None Include="app.ico">
      <Filter>Resource Files</Filter>
    </None>
    <None Include="..\App_Data\Physical.xml">
      <Filter>App_Data</Filter>
    </None>
    <None Include="..\App_Data\Economic.xml">
      <Filter>App_Data</Filter>
    </None>
    <None Include="..\App_Data\Governance.xml">
      <Filter>App_Data</Filter>
    </None>
    <None Include="..\App_Data\Health.xml">
      <Filter>App_Data</Filter>
    </None>
    <None Include="..\App_Data\Social.xml">
      <Filter>App_Data</Filter>
    </None>
  </ItemGroup>
  <ItemGroup>
    <ClCompile Include="EHM.cpp">
      <Filter>Source Files</Filter>
    </ClCompile>
    <ClCompile Include="AssemblyInfo.cpp">
      <Filter>Source Files</Filter>
    </ClCompile>
    <ClCompile Include="stdafx.cpp">
      <Filter>Source Files</Filter>
    </ClCompile>
    <ClCompile Include="database.cpp">
      <Filter>Source Files</Filter>
    </ClCompile>
    <ClCompile Include="NewCity.cpp">
      <Filter>Source Files</Filter>
    </ClCompile>
    <ClCompile Include="Admin.cpp">
      <Filter>Source Files</Filter>
    </ClCompile>
    <ClCompile Include="AccessAllCities.cpp">
      <Filter>Source Files</Filter>
    </ClCompile>
    <ClCompile Include="DeleteCity.cpp">
      <Filter>Source Files</Filter>
    </ClCompile>
    <ClCompile Include="ChangeCityInfo.cpp">
      <Filter>Source Files</Filter>
    </ClCompile>
    <ClCompile Include="Manager.cpp">
      <Filter>Source Files</Filter>
    </ClCompile>
    <ClCompile Include="DispalyPhysicalEnvironmentAndInfrastructure.cpp">
      <Filter>Source Files</Filter>
    </ClCompile>
    <ClCompile Include="CityPhysicalEnvironmentAndInfrastructure.cpp">
      <Filter>Source Files</Filter>
    </ClCompile>
    <ClCompile Include="DispalyEconomic.cpp">
      <Filter>Source Files</Filter>
    </ClCompile>
    <ClCompile Include="DispalyHealthCareOutcomes.cpp">
      <Filter>Source Files</Filter>
    </ClCompile>
    <ClCompile Include="DispalyGovernance.cpp">
      <Filter>Source Files</Filter>
    </ClCompile>
    <ClCompile Include="Social and human development.cpp">
      <Filter>Source Files</Filter>
    </ClCompile>
    <ClCompile Include="Login.cpp">
      <Filter>Source Files</Filter>
    </ClCompile>
    <ClCompile Include="Health care outcomes.cpp">
      <Filter>Source Files</Filter>
    </ClCompile>
    <ClCompile Include="Governance.cpp">
      <Filter>Source Files</Filter>
    </ClCompile>
    <ClCompile Include="Economic.cpp">
      <Filter>Source Files</Filter>
    </ClCompile>
    <ClCompile Include="DispalySocialAndHumanDevelopment.cpp">
      <Filter>Source Files</Filter>
    </ClCompile>
    <ClCompile Include="CityDataAnalysis.cpp">
      <Filter>Source Files</Filter>
    </ClCompile>
    <ClCompile Include="ChangeCityName.cpp">
      <Filter>Source Files</Filter>
    </ClCompile>
    <ClCompile Include="DataSocialAndHumanDevelopment.cpp">
      <Filter>Source Files</Filter>
    </ClCompile>
    <ClCompile Include="DataPhysicalEnvironmentAndInfrastructure.cpp">
      <Filter>Source Files</Filter>
    </ClCompile>
    <ClCompile Include="DataHealthCareOutcomes.cpp">
      <Filter>Source Files</Filter>
    </ClCompile>
    <ClCompile Include="DataGovernance.cpp">
      <Filter>Source Files</Filter>
    </ClCompile>
    <ClCompile Include="DataEconomic.cpp">
      <Filter>Source Files</Filter>
    </ClCompile>
    <ClCompile Include="Physical environment and infrastructure.cpp">
      <Filter>Source Files</Filter>
    </ClCompile>
    <ClCompile Include="Registration.cpp">
      <Filter>Source Files</Filter>
    </ClCompile>
    <ClCompile Include="AboutUs.cpp">
      <Filter>Source Files</Filter>
    </ClCompile>
    <ClCompile Include="ChangeUserInfo.cpp">
      <Filter>Source Files</Filter>
    </ClCompile>
    <ClCompile Include="AdminPage.cpp">
      <Filter>Source Files</Filter>
    </ClCompile>
    <ClCompile Include="ManagerPage.cpp">
      <Filter>Source Files</Filter>
    </ClCompile>
    <ClCompile Include="DeleteUser.cpp">
      <Filter>Source Files</Filter>
    </ClCompile>
    <ClCompile Include="HelpFile.cpp">
      <Filter>Source Files</Filter>
    </ClCompile>
    <ClCompile Include="ContactUs.cpp">
      <Filter>Source Files</Filter>
    </ClCompile>
    <ClCompile Include="CommentsEconomic.cpp">
      <Filter>Source Files</Filter>
    </ClCompile>
  </ItemGroup>
  <ItemGroup>
    <ClInclude Include="stdafx.h">
      <Filter>Header Files</Filter>
    </ClInclude>
    <ClInclude Include="resource.h">
      <Filter>Header Files</Filter>
    </ClInclude>
    <ClInclude Include="Physical environment and infrastructure.h">
      <Filter>Header Files</Filter>
    </ClInclude>
    <ClInclude Include="Economic.h">
      <Filter>Header Files</Filter>
    </ClInclude>
    <ClInclude Include="Health care outcomes.h">
      <Filter>Header Files</Filter>
    </ClInclude>
    <ClInclude Include="Social and human development.h">
      <Filter>Header Files</Filter>
    </ClInclude>
    <ClInclude Include="Governance.h">
      <Filter>Header Files</Filter>
    </ClInclude>
    <ClInclude Include="Login.h">
      <Filter>Header Files</Filter>
    </ClInclude>
    <ClInclude Include="database.h">
      <Filter>Header Files</Filter>
    </ClInclude>
    <ClInclude Include="NewCity.h">
      <Filter>Header Files</Filter>
    </ClInclude>
    <ClInclude Include="AccessAllCities.h">
      <Filter>Header Files</Filter>
    </ClInclude>
    <ClInclude Include="DeleteCity.h">
      <Filter>Header Files</Filter>
    </ClInclude>
    <ClInclude Include="ChangeCityInfo.h">
      <Filter>Header Files</Filter>
    </ClInclude>
    <ClInclude Include="DispalyPhysicalEnvironmentAndInfrastructure.h">
      <Filter>Header Files</Filter>
    </ClInclude>
    <ClInclude Include="DispalyEconomic.h">
      <Filter>Header Files</Filter>
    </ClInclude>
    <ClInclude Include="DispalyHealthCareOutcomes.h">
      <Filter>Header Files</Filter>
    </ClInclude>
    <ClInclude Include="DispalySocialAndHumanDevelopment.h">
      <Filter>Header Files</Filter>
    </ClInclude>
    <ClInclude Include="DispalyGovernance.h">
      <Filter>Header Files</Filter>
    </ClInclude>
    <ClInclude Include="DataEconomic.h">
      <Filter>Header Files</Filter>
    </ClInclude>
    <ClInclude Include="DataGovernance.h">
      <Filter>Header Files</Filter>
    </ClInclude>
    <ClInclude Include="DataHealthCareOutcomes.h">
      <Filter>Header Files</Filter>
    </ClInclude>
    <ClInclude Include="DataPhysicalEnvironmentAndInfrastructure.h">
      <Filter>Header Files</Filter>
    </ClInclude>
    <ClInclude Include="DataSocialAndHumanDevelopment.h">
      <Filter>Header Files</Filter>
    </ClInclude>
    <ClInclude Include="Registration.h">
      <Filter>Header Files</Filter>
    </ClInclude>
    <ClInclude Include="AboutUs.h">
      <Filter>Header Files</Filter>
    </ClInclude>
    <ClInclude Include="ChangeUserInfo.h">
      <Filter>Header Files</Filter>
    </ClInclude>
    <ClInclude Include="AdminPage.h">
      <Filter>Header Files</Filter>
    </ClInclude>
    <ClInclude Include="ManagerPage.h">
      <Filter>Header Files</Filter>
    </ClInclude>
    <ClInclude Include="DeleteUser.h">
      <Filter>Header Files</Filter>
    </ClInclude>
    <ClInclude Include="ContactUs.h">
      <Filter>Header Files</Filter>
    </ClInclude>
  </ItemGroup>
  <ItemGroup>
    <ResourceCompile Include="app.rc">
      <Filter>Resource Files</Filter>
    </ResourceCompile>
  </ItemGroup>
  <ItemGroup>
    <EmbeddedResource Include="Economic.resx">
      <Filter>Resource Files</Filter>
    </EmbeddedResource>
    <EmbeddedResource Include="Governance.resx">
      <Filter>Resource Files</Filter>
    </EmbeddedResource>
    <EmbeddedResource Include="Health care outcomes.resx">
      <Filter>Resource Files</Filter>
    </EmbeddedResource>
    <EmbeddedResource Include="Physical environment and infrastructure.resx">
      <Filter>Resource Files</Filter>
    </EmbeddedResource>
    <EmbeddedResource Include="Social and human development.resx">
      <Filter>Resource Files</Filter>
    </EmbeddedResource>
    <EmbeddedResource Include="Login.resx">
      <Filter>Resource Files</Filter>
    </EmbeddedResource>
    <EmbeddedResource Include="database.resx">
      <Filter>Resource Files</Filter>
    </EmbeddedResource>
    <EmbeddedResource Include="NewCity.resx">
      <Filter>Resource Files</Filter>
    </EmbeddedResource>
    <EmbeddedResource Include="ChangeCityName.resx">
      <Filter>Resource Files</Filter>
    </EmbeddedResource>
    <EmbeddedResource Include="AccessAllCities.resx">
      <Filter>Resource Files</Filter>
    </EmbeddedResource>
    <EmbeddedResource Include="DeleteCity.resx">
      <Filter>Resource Files</Filter>
    </EmbeddedResource>
    <EmbeddedResource Include="ChangeCityInfo.resx">
      <Filter>Resource Files</Filter>
    </EmbeddedResource>
    <EmbeddedResource Include="DispalyPhysicalEnvironmentAndInfrastructure.resx">
      <Filter>Resource Files</Filter>
    </EmbeddedResource>
    <EmbeddedResource Include="DispalyEconomic.resx">
      <Filter>Resource Files</Filter>
    </EmbeddedResource>
    <EmbeddedResource Include="DispalyGovernance.resx">
      <Filter>Resource Files</Filter>
    </EmbeddedResource>
    <EmbeddedResource Include="DispalyHealthCareOutcomes.resx">
      <Filter>Resource Files</Filter>
    </EmbeddedResource>
    <EmbeddedResource Include="DispalySocialAndHumanDevelopment.resx">
      <Filter>Resource Files</Filter>
    </EmbeddedResource>
    <EmbeddedResource Include="DataEconomic.resx">
      <Filter>Resource Files</Filter>
    </EmbeddedResource>
    <EmbeddedResource Include="DataPhysicalEnvironmentAndInfrastructure.resx">
      <Filter>Resource Files</Filter>
    </EmbeddedResource>
    <EmbeddedResource Include="DataGovernance.resx">
      <Filter>Resource Files</Filter>
    </EmbeddedResource>
    <EmbeddedResource Include="DataHealthCareOutcomes.resx">
      <Filter>Resource Files</Filter>
    </EmbeddedResource>
    <EmbeddedResource Include="DataSocialAndHumanDevelopment.resx">
      <Filter>Resource Files</Filter>
    </EmbeddedResource>
    <EmbeddedResource Include="Registration.resx">
      <Filter>Resource Files</Filter>
    </EmbeddedResource>
    <EmbeddedResource Include="AboutUs.resx">
      <Filter>Resource Files</Filter>
    </EmbeddedResource>
    <EmbeddedResource Include="ChangeUserInfo.resx">
      <Filter>Resource Files</Filter>
    </EmbeddedResource>
    <EmbeddedResource Include="AdminPage.resx">
      <Filter>Resource Files</Filter>
    </EmbeddedResource>
    <EmbeddedResource Include="DeleteUser.resx">
      <Filter>Resource Files</Filter>
    </EmbeddedResource>
    <EmbeddedResource Include="ManagerPage.resx">
      <Filter>Resource Files</Filter>
    </EmbeddedResource>
    <EmbeddedResource Include="ContactUs.resx">
      <Filter>Resource Files</Filter>
    </EmbeddedResource>
  </ItemGroup>
</Project>